{
  "name": "sajudoctor-tools",
  "version": "1.0.0",
  "lockfileVersion": 3,
  "requires": true,
  "packages": {
    "": {
      "name": "sajudoctor-tools",
      "version": "1.0.0",
      "dependencies": {
        "lunar-javascript": "1.7.6"
      }
    },
    "node_modules/lunar-javascript": {
      "version": "1.7.6",
      "resolved": "https://registry.npmjs.org/lunar-javascript/-/lunar-javascript-1.7.6.tgz",
      "integrity": "sha512-gpARjH/I/TOWXBya+084L9XICi/tzDbTMy6g+f4xlynrqLx9zoK2r5jIeCTXAhe3KADpcZrjUvcXqer9WtKmBA==",
      "license": "MIT"
    }
  }
}
